{
  "name": "regeditor",
  "version": "0.5.0",
  "lockfileVersion": 3,
  "requires": true,
  "packages": {
    "": {
      "name": "regeditor",
      "version": "0.5.0",
      "license": "LGPL-3.0-or-later",
      "dependencies": {
        "@emrivero/sudo-prompt": "^1.1.2",
        "sudo-prompt": "^9.2.1"
      },
      "devDependencies": {
        "@types/node": "*",
        "typescript": "*"
      }
    },
    "node_modules/@emrivero/sudo-prompt": {
      "version": "1.1.2",
      "resolved": "https://registry.npmjs.org/@emrivero/sudo-prompt/-/sudo-prompt-1.1.2.tgz",
      "integrity": "sha512-Rz6WJD/goLVMTPxE3PfwnwYXTdl/rSi8ne0m652iEe7f0WovmTPe40d3Fdexs3GU5Z+wjip4Z7bJAXG4vQTldA==",
      "license": "LGPL-3.0-or-later"
    },
    "node_modules/@types/node": {
      "version": "22.5.1",
      "resolved": "https://registry.npmjs.org/@types/node/-/node-22.5.1.tgz",
      "integrity": "sha512-KkHsxej0j9IW1KKOOAA/XBA0z08UFSrRQHErzEfA3Vgq57eXIMYboIlHJuYIfd+lwCQjtKqUu3UnmKbtUc9yRw==",
      "dev": true,
      "license": "LGPL-3.0-or-later",
      "dependencies": {
        "undici-types": "~6.19.2"
      }
    },
    "node_modules/sudo-prompt": {
      "version": "9.2.1",
      "resolved": "https://registry.npmjs.org/sudo-prompt/-/sudo-prompt-9.2.1.tgz",
      "integrity": "sha512-Mu7R0g4ig9TUuGSxJavny5Rv0egCEtpZRNMrZaYS1vxkiIxGiGUwoezU3LazIQ+KE04hTrTfNPgxU5gzi7F5Pw==",
      "license": "LGPL-3.0-or-later"
    },
    "node_modules/typescript": {
      "version": "5.5.4",
      "resolved": "https://registry.npmjs.org/typescript/-/typescript-5.5.4.tgz",
      "integrity": "sha512-Mtq29sKDAEYP7aljRgtPOpTvOfbwRWlS6dPRzwjdE+C0R4brX/GUyhHSecbHMFLNBLcJIPt9nl9yG5TZ1weH+Q==",
      "dev": true,
      "license": "Apache-2.0",
      "bin": {
        "tsc": "bin/tsc",
        "tsserver": "bin/tsserver"
      },
      "engines": {
        "node": ">=14.17"
      }
    },
    "node_modules/undici-types": {
      "version": "6.19.8",
      "resolved": "https://registry.npmjs.org/undici-types/-/undici-types-6.19.8.tgz",
      "integrity": "sha512-ve2KP6f/JnbPBFyobGHuerC9g1FYGn/F8n1LWTwNxCEzd6IfqTwUQcNXgEtmmQ6DlRrC1hrSrBnCZPokRrDHjw==",
      "dev": true,
      "license": "LGPL-3.0-or-later"
    }
  }
}
